<?xml version="1.0" encoding="utf-8"?>
<Project ToolsVersion="4.0" xmlns="http://schemas.microsoft.com/developer/msbuild/2003">
  <ItemGroup>
    <Filter Include="MyView">
      <UniqueIdentifier>{E6C63AC4-D268-659A-BB23-79EEA764ECEA}</UniqueIdentifier>
    </Filter>
    <Filter Include="MyView\Events">
      <UniqueIdentifier>{0AF43A78-76B4-B6AE-3FEF-FF2BAB6EFB8A}</UniqueIdentifier>
    </Filter>
    <Filter Include="Platform">
      <UniqueIdentifier>{2AC788B4-1694-E3BF-3FAD-D1672BD9184E}</UniqueIdentifier>
    </Filter>
    <Filter Include="Platform\Windows">
      <UniqueIdentifier>{64FBD71A-50F4-F66C-7926-DCF1657ED678}</UniqueIdentifier>
    </Filter>
  </ItemGroup>
  <ItemGroup>
    <ClInclude Include="src\MyView.h" />
    <ClInclude Include="src\MyView\Application.h">
      <Filter>MyView</Filter>
    </ClInclude>
    <ClInclude Include="src\MyView\Core.h">
      <Filter>MyView</Filter>
    </ClInclude>
    <ClInclude Include="src\MyView\EntryPoint.h">
      <Filter>MyView</Filter>
    </ClInclude>
    <ClInclude Include="src\MyView\Events\ApplicationEvent.h">
      <Filter>MyView\Events</Filter>
    </ClInclude>
    <ClInclude Include="src\MyView\Events\Event.h">
      <Filter>MyView\Events</Filter>
    </ClInclude>
    <ClInclude Include="src\MyView\Events\KeyEvent.h">
      <Filter>MyView\Events</Filter>
    </ClInclude>
    <ClInclude Include="src\MyView\Events\MouseEvent.h">
      <Filter>MyView\Events</Filter>
    </ClInclude>
    <ClInclude Include="src\MyView\Log.h">
      <Filter>MyView</Filter>
    </ClInclude>
    <ClInclude Include="src\MyView\Window.h">
      <Filter>MyView</Filter>
    </ClInclude>
    <ClInclude Include="src\Platform\Windows\WindowsWindow.h">
      <Filter>Platform\Windows</Filter>
    </ClInclude>
    <ClInclude Include="src\mvpch.h" />
  </ItemGroup>
  <ItemGroup>
    <ClCompile Include="src\MyView\Application.cpp">
      <Filter>MyView</Filter>
    </ClCompile>
    <ClCompile Include="src\MyView\Log.cpp">
      <Filter>MyView</Filter>
    </ClCompile>
    <ClCompile Include="src\Platform\Windows\WindowsWindow.cpp">
      <Filter>Platform\Windows</Filter>
    </ClCompile>
    <ClCompile Include="src\mvpch.cpp" />
  </ItemGroup>
</Project>